version = 1
revision = 2
requires-python = ">=3.13"

[[package]]
name = "cpf-program"
version = "0.1.0"
source = { virtual = "." }
dependencies = [
    { name = "setuptools" },
]

[package.metadata]
requires-dist = [{ name = "setuptools", specifier = ">=80.7.1" }]

[[package]]
name = "setuptools"
version = "80.7.1"
source = { registry = "https://pypi.org/simple" }
sdist = { url = "https://files.pythonhosted.org/packages/9e/8b/dc1773e8e5d07fd27c1632c45c1de856ac3dbf09c0147f782ca6d990cf15/setuptools-80.7.1.tar.gz", hash = "sha256:f6ffc5f0142b1bd8d0ca94ee91b30c0ca862ffd50826da1ea85258a06fd94552", size = 1319188, upload-time = "2025-05-15T02:41:00.955Z" }
wheels = [
    { url = "https://files.pythonhosted.org/packages/a1/18/0e835c3a557dc5faffc8f91092f62fc337c1dab1066715842e7a4b318ec4/setuptools-80.7.1-py3-none-any.whl", hash = "sha256:ca5cc1069b85dc23070a6628e6bcecb3292acac802399c7f8edc0100619f9009", size = 1200776, upload-time = "2025-05-15T02:40:58.887Z" },
]
